{
  "name": "server",
  "version": "1.0.0",
  "lockfileVersion": 3,
  "requires": true,
  "packages": {
    "": {
      "name": "server",
      "version": "1.0.0",
      "dependencies": {
        "@basementuniverse/asobi-server": "file:../../../server"
      }
    },
    "../../../../server": {
      "name": "@basementuniverse/asobi-server",
      "version": "1.0.0",
      "extraneous": true,
      "license": "MIT",
      "dependencies": {
        "@basementuniverse/jsonpad-sdk": "^1.6.1",
        "cors": "^2.8.5",
        "express": "^4.21.2"
      },
      "devDependencies": {
        "@types/cors": "^2.8.17",
        "@types/express": "^5.0.0",
        "@types/node": "^22.10.2",
        "typescript": "^5.7.2"
      }
    },
    "../../../server": {
      "name": "@basementuniverse/asobi-server",
      "version": "1.0.0",
      "license": "MIT",
      "dependencies": {
        "@basementuniverse/jsonpad-sdk": "^1.6.2",
        "@basementuniverse/utils": "^1.7.0",
        "cors": "^2.8.5",
        "express": "^4.18.2",
        "express-async-errors": "^3.1.1",
        "jsonschema": "^1.4.1",
        "uuid": "^11.0.3"
      },
      "devDependencies": {
        "@types/cors": "^2.8.17",
        "@types/express": "^4.17.21",
        "@types/node": "^22.10.2",
        "typescript": "^5.7.2"
      }
    },
    "@basementuniverse/asobi-server": {
      "extraneous": true
    },
    "node_modules/@basementuniverse/asobi-server": {
      "resolved": "../../../server",
      "link": true
    }
  }
}
